
Microsoft Visual Studio Solution File, Format Version 12.00
# Visual Studio Version 17
VisualStudioVersion = 17.10.35013.160
MinimumVisualStudioVersion = 10.0.40219.1
Project("{FAE04EC0-301F-11D3-BF4B-00C04F79EFBC}") = "CApp", "CApp\CApp\CApp.csproj", "{A47E131E-8FBA-4012-8E54-0E15073D2029}"
EndProject
Project("{FAE04EC0-301F-11D3-BF4B-00C04F79EFBC}") = "CApp.Client", "CApp\CApp.Client\CApp.Client.csproj", "{4CE05DE7-6454-4438-9DDB-ED04ED657B91}"
EndProject
Project("{FAE04EC0-301F-11D3-BF4B-00C04F79EFBC}") = "CAppModels", "CAppModels\CAppModels.csproj", "{32241EEC-33F5-44B3-8B46-F4E01344E48C}"
EndProject
Global
	GlobalSection(SolutionConfigurationPlatforms) = preSolution
		Debug|Any CPU = Debug|Any CPU
		Release|Any CPU = Release|Any CPU
	EndGlobalSection
	GlobalSection(ProjectConfigurationPlatforms) = postSolution
		{A47E131E-8FBA-4012-8E54-0E15073D2029}.Debug|Any CPU.ActiveCfg = Debug|Any CPU
		{A47E131E-8FBA-4012-8E54-0E15073D2029}.Debug|Any CPU.Build.0 = Debug|Any CPU
		{A47E131E-8FBA-4012-8E54-0E15073D2029}.Release|Any CPU.ActiveCfg = Release|Any CPU
		{A47E131E-8FBA-4012-8E54-0E15073D2029}.Release|Any CPU.Build.0 = Release|Any CPU
		{4CE05DE7-6454-4438-9DDB-ED04ED657B91}.Debug|Any CPU.ActiveCfg = Debug|Any CPU
		{4CE05DE7-6454-4438-9DDB-ED04ED657B91}.Debug|Any CPU.Build.0 = Debug|Any CPU
		{4CE05DE7-6454-4438-9DDB-ED04ED657B91}.Release|Any CPU.ActiveCfg = Release|Any CPU
		{4CE05DE7-6454-4438-9DDB-ED04ED657B91}.Release|Any CPU.Build.0 = Release|Any CPU
		{32241EEC-33F5-44B3-8B46-F4E01344E48C}.Debug|Any CPU.ActiveCfg = Debug|Any CPU
		{32241EEC-33F5-44B3-8B46-F4E01344E48C}.Debug|Any CPU.Build.0 = Debug|Any CPU
		{32241EEC-33F5-44B3-8B46-F4E01344E48C}.Release|Any CPU.ActiveCfg = Release|Any CPU
		{32241EEC-33F5-44B3-8B46-F4E01344E48C}.Release|Any CPU.Build.0 = Release|Any CPU
	EndGlobalSection
	GlobalSection(SolutionProperties) = preSolution
		HideSolutionNode = FALSE
	EndGlobalSection
	GlobalSection(ExtensibilityGlobals) = postSolution
		SolutionGuid = {165301BD-95CA-4AC8-82AD-47850F249C00}
	EndGlobalSection
EndGlobal
